
Microsoft Visual Studio Solution File, Format Version 12.00
Project("{FAE04EC0-301F-11D3-BF4B-00C04F79EFBC}") = "hangboard-force-tracker", "hangboard-force-tracker\hangboard-force-tracker.csproj", "{2EEB1AE4-5539-42CD-97A9-2DECB18DFA85}"
EndProject
Global
	GlobalSection(SolutionConfigurationPlatforms) = preSolution
		Debug|Any CPU = Debug|Any CPU
		Release|Any CPU = Release|Any CPU
	EndGlobalSection
	GlobalSection(ProjectConfigurationPlatforms) = postSolution
		{2EEB1AE4-5539-42CD-97A9-2DECB18DFA85}.Debug|Any CPU.ActiveCfg = Debug|Any CPU
		{2EEB1AE4-5539-42CD-97A9-2DECB18DFA85}.Debug|Any CPU.Build.0 = Debug|Any CPU
		{2EEB1AE4-5539-42CD-97A9-2DECB18DFA85}.Release|Any CPU.ActiveCfg = Release|Any CPU
		{2EEB1AE4-5539-42CD-97A9-2DECB18DFA85}.Release|Any CPU.Build.0 = Release|Any CPU
	EndGlobalSection
EndGlobal
